// !$*UTF8*$!
{
	archiveVersion = 1;
	classes = {
	};
	objectVersion = 51;
	objects = {

/* Begin PBXBuildFile section */
		0905967A38EE99D004275269 /* Pods_NewsReader_NewsReaderUITests.framework in Frameworks */ = {isa = PBXBuildFile; fileRef = 42F0E7A61989DF221E0D62D4 /* Pods_NewsReader_NewsReaderUITests.framework */; };
		1F375ACBA57B998E4087A6DD /* Pods_NewsReader.framework in Frameworks */ = {isa = PBXBuildFile; fileRef = 46A71A76EE8283775C7F8ACF /* Pods_NewsReader.framework */; };
		B9242E5D241F837400347747 /* Favorite.swift in Sources */ = {isa = PBXBuildFile; fileRef = B9242E5C241F837400347747 /* Favorite.swift */; };
		B9242E5F241FAA6300347747 /* FavoritesViewModel.swift in Sources */ = {isa = PBXBuildFile; fileRef = B9242E5E241FAA6300347747 /* FavoritesViewModel.swift */; };
		B9242E61241FAEE000347747 /* FavoriteTableViewCell.swift in Sources */ = {isa = PBXBuildFile; fileRef = B9242E60241FAEE000347747 /* FavoriteTableViewCell.swift */; };
		B948A95A241B76EA00EAF36F /* SingleArticleViewModel.swift in Sources */ = {isa = PBXBuildFile; fileRef = B948A959241B76EA00EAF36F /* SingleArticleViewModel.swift */; };
		B948A95D241BC3D500EAF36F /* FavouritesTableViewController.swift in Sources */ = {isa = PBXBuildFile; fileRef = B948A95C241BC3D500EAF36F /* FavouritesTableViewController.swift */; };
		B948A95F241BC46100EAF36F /* TabBarController.swift in Sources */ = {isa = PBXBuildFile; fileRef = B948A95E241BC46100EAF36F /* TabBarController.swift */; };
		B961792F240CE70B00E534E1 /* ArticleCollectionViewController.swift in Sources */ = {isa = PBXBuildFile; fileRef = B961792E240CE70B00E534E1 /* ArticleCollectionViewController.swift */; };
		B96C2FA4240514B20039C10B /* Article.swift in Sources */ = {isa = PBXBuildFile; fileRef = B96C2FA3240514B20039C10B /* Article.swift */; };
		B96C2FA6240515D50039C10B /* Request.swift in Sources */ = {isa = PBXBuildFile; fileRef = B96C2FA5240515D50039C10B /* Request.swift */; };
		B96C2FA8240526D70039C10B /* ArticlesTableViewController.swift in Sources */ = {isa = PBXBuildFile; fileRef = B96C2FA7240526D70039C10B /* ArticlesTableViewController.swift */; };
		B96C2FAA240528DE0039C10B /* ArticleTableViewCell.swift in Sources */ = {isa = PBXBuildFile; fileRef = B96C2FA9240528DE0039C10B /* ArticleTableViewCell.swift */; };
		B96C2FAC240548610039C10B /* CustomImageView.swift in Sources */ = {isa = PBXBuildFile; fileRef = B96C2FAB240548610039C10B /* CustomImageView.swift */; };
		B981559D2420B80400E54954 /* News.swift in Sources */ = {isa = PBXBuildFile; fileRef = B981559C2420B80400E54954 /* News.swift */; };
		B98155A124211A1F00E54954 /* ArticlePreview.swift in Sources */ = {isa = PBXBuildFile; fileRef = B98155A024211A1F00E54954 /* ArticlePreview.swift */; };
		B9835CF22405064A00EE6F32 /* AppDelegate.swift in Sources */ = {isa = PBXBuildFile; fileRef = B9835CF12405064A00EE6F32 /* AppDelegate.swift */; };
		B9835CF42405064A00EE6F32 /* SceneDelegate.swift in Sources */ = {isa = PBXBuildFile; fileRef = B9835CF32405064A00EE6F32 /* SceneDelegate.swift */; };
		B9835CF92405064A00EE6F32 /* Main.storyboard in Resources */ = {isa = PBXBuildFile; fileRef = B9835CF72405064A00EE6F32 /* Main.storyboard */; };
		B9835CFB2405064B00EE6F32 /* Assets.xcassets in Resources */ = {isa = PBXBuildFile; fileRef = B9835CFA2405064B00EE6F32 /* Assets.xcassets */; };
		B9835CFE2405064B00EE6F32 /* LaunchScreen.storyboard in Resources */ = {isa = PBXBuildFile; fileRef = B9835CFC2405064B00EE6F32 /* LaunchScreen.storyboard */; };
		B9835D092405064C00EE6F32 /* NewsReaderTests.swift in Sources */ = {isa = PBXBuildFile; fileRef = B9835D082405064C00EE6F32 /* NewsReaderTests.swift */; };
		B9835D142405064C00EE6F32 /* NewsReaderUITests.swift in Sources */ = {isa = PBXBuildFile; fileRef = B9835D132405064C00EE6F32 /* NewsReaderUITests.swift */; };
		B9C286982417D14D0041EB57 /* AllArticlesViewModel.swift in Sources */ = {isa = PBXBuildFile; fileRef = B9C286972417D14D0041EB57 /* AllArticlesViewModel.swift */; };
		B9C295642406661200828586 /* ArticleCollectionViewCell.swift in Sources */ = {isa = PBXBuildFile; fileRef = B9C295632406661200828586 /* ArticleCollectionViewCell.swift */; };
		B9FBCEA2242209FB0071E533 /* WebViewViewModel.swift in Sources */ = {isa = PBXBuildFile; fileRef = B9FBCEA1242209FB0071E533 /* WebViewViewModel.swift */; };
		B9FFE4E62407E9D8009FA7AD /* WebViewController.swift in Sources */ = {isa = PBXBuildFile; fileRef = B9FFE4E52407E9D8009FA7AD /* WebViewController.swift */; };
		C6F6E981AD8171A7470BCCA9 /* Pods_NewsReaderTests.framework in Frameworks */ = {isa = PBXBuildFile; fileRef = C7BFEAE9BA908A3DC21D2D42 /* Pods_NewsReaderTests.framework */; };
/* End PBXBuildFile section */

/* Begin PBXContainerItemProxy section */
		B9835D052405064C00EE6F32 /* PBXContainerItemProxy */ = {
			isa = PBXContainerItemProxy;
			containerPortal = B9835CE62405064A00EE6F32 /* Project object */;
			proxyType = 1;
			remoteGlobalIDString = B9835CED2405064A00EE6F32;
			remoteInfo = NewsReader;
		};
		B9835D102405064C00EE6F32 /* PBXContainerItemProxy */ = {
			isa = PBXContainerItemProxy;
			containerPortal = B9835CE62405064A00EE6F32 /* Project object */;
			proxyType = 1;
			remoteGlobalIDString = B9835CED2405064A00EE6F32;
			remoteInfo = NewsReader;
		};
/* End PBXContainerItemProxy section */

/* Begin PBXFileReference section */
		0686452833F080FC9CAEDDC6 /* Pods-NewsReader-NewsReaderUITests.release.xcconfig */ = {isa = PBXFileReference; includeInIndex = 1; lastKnownFileType = text.xcconfig; name = "Pods-NewsReader-NewsReaderUITests.release.xcconfig"; path = "Target Support Files/Pods-NewsReader-NewsReaderUITests/Pods-NewsReader-NewsReaderUITests.release.xcconfig"; sourceTree = "<group>"; };
		3E83DDB798312F0255E3312C /* Pods-NewsReaderTests.release.xcconfig */ = {isa = PBXFileReference; includeInIndex = 1; lastKnownFileType = text.xcconfig; name = "Pods-NewsReaderTests.release.xcconfig"; path = "Target Support Files/Pods-NewsReaderTests/Pods-NewsReaderTests.release.xcconfig"; sourceTree = "<group>"; };
		42F0E7A61989DF221E0D62D4 /* Pods_NewsReader_NewsReaderUITests.framework */ = {isa = PBXFileReference; explicitFileType = wrapper.framework; includeInIndex = 0; path = Pods_NewsReader_NewsReaderUITests.framework; sourceTree = BUILT_PRODUCTS_DIR; };
		46A71A76EE8283775C7F8ACF /* Pods_NewsReader.framework */ = {isa = PBXFileReference; explicitFileType = wrapper.framework; includeInIndex = 0; path = Pods_NewsReader.framework; sourceTree = BUILT_PRODUCTS_DIR; };
		636678EACBCB3C3CF4F768DB /* Pods-NewsReader.release.xcconfig */ = {isa = PBXFileReference; includeInIndex = 1; lastKnownFileType = text.xcconfig; name = "Pods-NewsReader.release.xcconfig"; path = "Target Support Files/Pods-NewsReader/Pods-NewsReader.release.xcconfig"; sourceTree = "<group>"; };
		6B90105B5D7DE491F006ED2A /* Pods-NewsReader.debug.xcconfig */ = {isa = PBXFileReference; includeInIndex = 1; lastKnownFileType = text.xcconfig; name = "Pods-NewsReader.debug.xcconfig"; path = "Target Support Files/Pods-NewsReader/Pods-NewsReader.debug.xcconfig"; sourceTree = "<group>"; };
		78EAA1249EB2FD397FCA08D1 /* Pods-NewsReader-NewsReaderUITests.debug.xcconfig */ = {isa = PBXFileReference; includeInIndex = 1; lastKnownFileType = text.xcconfig; name = "Pods-NewsReader-NewsReaderUITests.debug.xcconfig"; path = "Target Support Files/Pods-NewsReader-NewsReaderUITests/Pods-NewsReader-NewsReaderUITests.debug.xcconfig"; sourceTree = "<group>"; };
		B9242E5C241F837400347747 /* Favorite.swift */ = {isa = PBXFileReference; lastKnownFileType = sourcecode.swift; path = Favorite.swift; sourceTree = "<group>"; };
		B9242E5E241FAA6300347747 /* FavoritesViewModel.swift */ = {isa = PBXFileReference; lastKnownFileType = sourcecode.swift; path = FavoritesViewModel.swift; sourceTree = "<group>"; };
		B9242E60241FAEE000347747 /* FavoriteTableViewCell.swift */ = {isa = PBXFileReference; lastKnownFileType = sourcecode.swift; path = FavoriteTableViewCell.swift; sourceTree = "<group>"; };
		B948A959241B76EA00EAF36F /* SingleArticleViewModel.swift */ = {isa = PBXFileReference; lastKnownFileType = sourcecode.swift; path = SingleArticleViewModel.swift; sourceTree = "<group>"; };
		B948A95C241BC3D500EAF36F /* FavouritesTableViewController.swift */ = {isa = PBXFileReference; lastKnownFileType = sourcecode.swift; path = FavouritesTableViewController.swift; sourceTree = "<group>"; };
		B948A95E241BC46100EAF36F /* TabBarController.swift */ = {isa = PBXFileReference; lastKnownFileType = sourcecode.swift; path = TabBarController.swift; sourceTree = "<group>"; };
		B961792E240CE70B00E534E1 /* ArticleCollectionViewController.swift */ = {isa = PBXFileReference; fileEncoding = 4; lastKnownFileType = sourcecode.swift; path = ArticleCollectionViewController.swift; sourceTree = "<group>"; };
		B96C2FA3240514B20039C10B /* Article.swift */ = {isa = PBXFileReference; lastKnownFileType = sourcecode.swift; path = Article.swift; sourceTree = "<group>"; };
		B96C2FA5240515D50039C10B /* Request.swift */ = {isa = PBXFileReference; lastKnownFileType = sourcecode.swift; path = Request.swift; sourceTree = "<group>"; };
		B96C2FA7240526D70039C10B /* ArticlesTableViewController.swift */ = {isa = PBXFileReference; lastKnownFileType = sourcecode.swift; path = ArticlesTableViewController.swift; sourceTree = "<group>"; };
		B96C2FA9240528DE0039C10B /* ArticleTableViewCell.swift */ = {isa = PBXFileReference; lastKnownFileType = sourcecode.swift; path = ArticleTableViewCell.swift; sourceTree = "<group>"; };
		B96C2FAB240548610039C10B /* CustomImageView.swift */ = {isa = PBXFileReference; lastKnownFileType = sourcecode.swift; path = CustomImageView.swift; sourceTree = "<group>"; };
		B981559C2420B80400E54954 /* News.swift */ = {isa = PBXFileReference; lastKnownFileType = sourcecode.swift; path = News.swift; sourceTree = "<group>"; };
		B98155A024211A1F00E54954 /* ArticlePreview.swift */ = {isa = PBXFileReference; lastKnownFileType = sourcecode.swift; path = ArticlePreview.swift; sourceTree = "<group>"; };
		B9835CEE2405064A00EE6F32 /* NewsReader.app */ = {isa = PBXFileReference; explicitFileType = wrapper.application; includeInIndex = 0; path = NewsReader.app; sourceTree = BUILT_PRODUCTS_DIR; };
		B9835CF12405064A00EE6F32 /* AppDelegate.swift */ = {isa = PBXFileReference; lastKnownFileType = sourcecode.swift; path = AppDelegate.swift; sourceTree = "<group>"; };
		B9835CF32405064A00EE6F32 /* SceneDelegate.swift */ = {isa = PBXFileReference; lastKnownFileType = sourcecode.swift; path = SceneDelegate.swift; sourceTree = "<group>"; };
		B9835CF82405064A00EE6F32 /* Base */ = {isa = PBXFileReference; lastKnownFileType = file.storyboard; name = Base; path = Base.lproj/Main.storyboard; sourceTree = "<group>"; };
		B9835CFA2405064B00EE6F32 /* Assets.xcassets */ = {isa = PBXFileReference; lastKnownFileType = folder.assetcatalog; path = Assets.xcassets; sourceTree = "<group>"; };
		B9835CFD2405064B00EE6F32 /* Base */ = {isa = PBXFileReference; lastKnownFileType = file.storyboard; name = Base; path = Base.lproj/LaunchScreen.storyboard; sourceTree = "<group>"; };
		B9835CFF2405064B00EE6F32 /* Info.plist */ = {isa = PBXFileReference; lastKnownFileType = text.plist.xml; path = Info.plist; sourceTree = "<group>"; };
		B9835D042405064C00EE6F32 /* NewsReaderTests.xctest */ = {isa = PBXFileReference; explicitFileType = wrapper.cfbundle; includeInIndex = 0; path = NewsReaderTests.xctest; sourceTree = BUILT_PRODUCTS_DIR; };
		B9835D082405064C00EE6F32 /* NewsReaderTests.swift */ = {isa = PBXFileReference; lastKnownFileType = sourcecode.swift; path = NewsReaderTests.swift; sourceTree = "<group>"; };
		B9835D0A2405064C00EE6F32 /* Info.plist */ = {isa = PBXFileReference; lastKnownFileType = text.plist.xml; path = Info.plist; sourceTree = "<group>"; };
		B9835D0F2405064C00EE6F32 /* NewsReaderUITests.xctest */ = {isa = PBXFileReference; explicitFileType = wrapper.cfbundle; includeInIndex = 0; path = NewsReaderUITests.xctest; sourceTree = BUILT_PRODUCTS_DIR; };
		B9835D132405064C00EE6F32 /* NewsReaderUITests.swift */ = {isa = PBXFileReference; lastKnownFileType = sourcecode.swift; path = NewsReaderUITests.swift; sourceTree = "<group>"; };
		B9835D152405064C00EE6F32 /* Info.plist */ = {isa = PBXFileReference; lastKnownFileType = text.plist.xml; path = Info.plist; sourceTree = "<group>"; };
		B9C286972417D14D0041EB57 /* AllArticlesViewModel.swift */ = {isa = PBXFileReference; lastKnownFileType = sourcecode.swift; path = AllArticlesViewModel.swift; sourceTree = "<group>"; };
		B9C295632406661200828586 /* ArticleCollectionViewCell.swift */ = {isa = PBXFileReference; lastKnownFileType = sourcecode.swift; path = ArticleCollectionViewCell.swift; sourceTree = "<group>"; };
		B9FBCEA1242209FB0071E533 /* WebViewViewModel.swift */ = {isa = PBXFileReference; lastKnownFileType = sourcecode.swift; path = WebViewViewModel.swift; sourceTree = "<group>"; };
		B9FFE4E52407E9D8009FA7AD /* WebViewController.swift */ = {isa = PBXFileReference; lastKnownFileType = sourcecode.swift; path = WebViewController.swift; sourceTree = "<group>"; };
		C7BFEAE9BA908A3DC21D2D42 /* Pods_NewsReaderTests.framework */ = {isa = PBXFileReference; explicitFileType = wrapper.framework; includeInIndex = 0; path = Pods_NewsReaderTests.framework; sourceTree = BUILT_PRODUCTS_DIR; };
		E64AF0614739C918D7BE7504 /* Pods-NewsReaderTests.debug.xcconfig */ = {isa = PBXFileReference; includeInIndex = 1; lastKnownFileType = text.xcconfig; name = "Pods-NewsReaderTests.debug.xcconfig"; path = "Target Support Files/Pods-NewsReaderTests/Pods-NewsReaderTests.debug.xcconfig"; sourceTree = "<group>"; };
/* End PBXFileReference section */

/* Begin PBXFrameworksBuildPhase section */
		B9835CEB2405064A00EE6F32 /* Frameworks */ = {
			isa = PBXFrameworksBuildPhase;
			buildActionMask = 2147483647;
			files = (
				1F375ACBA57B998E4087A6DD /* Pods_NewsReader.framework in Frameworks */,
			);
			runOnlyForDeploymentPostprocessing = 0;
		};
		B9835D012405064C00EE6F32 /* Frameworks */ = {
			isa = PBXFrameworksBuildPhase;
			buildActionMask = 2147483647;
			files = (
				C6F6E981AD8171A7470BCCA9 /* Pods_NewsReaderTests.framework in Frameworks */,
			);
			runOnlyForDeploymentPostprocessing = 0;
		};
		B9835D0C2405064C00EE6F32 /* Frameworks */ = {
			isa = PBXFrameworksBuildPhase;
			buildActionMask = 2147483647;
			files = (
				0905967A38EE99D004275269 /* Pods_NewsReader_NewsReaderUITests.framework in Frameworks */,
			);
			runOnlyForDeploymentPostprocessing = 0;
		};
/* End PBXFrameworksBuildPhase section */

/* Begin PBXGroup section */
		678B101DFA499610E913384F /* Frameworks */ = {
			isa = PBXGroup;
			children = (
				46A71A76EE8283775C7F8ACF /* Pods_NewsReader.framework */,
				42F0E7A61989DF221E0D62D4 /* Pods_NewsReader_NewsReaderUITests.framework */,
				C7BFEAE9BA908A3DC21D2D42 /* Pods_NewsReaderTests.framework */,
			);
			name = Frameworks;
			sourceTree = "<group>";
		};
		8D299FC8D0A9ED6C947356B4 /* Pods */ = {
			isa = PBXGroup;
			children = (
				6B90105B5D7DE491F006ED2A /* Pods-NewsReader.debug.xcconfig */,
				636678EACBCB3C3CF4F768DB /* Pods-NewsReader.release.xcconfig */,
				78EAA1249EB2FD397FCA08D1 /* Pods-NewsReader-NewsReaderUITests.debug.xcconfig */,
				0686452833F080FC9CAEDDC6 /* Pods-NewsReader-NewsReaderUITests.release.xcconfig */,
				E64AF0614739C918D7BE7504 /* Pods-NewsReaderTests.debug.xcconfig */,
				3E83DDB798312F0255E3312C /* Pods-NewsReaderTests.release.xcconfig */,
			);
			path = Pods;
			sourceTree = "<group>";
		};
		B948A95B241BC37200EAF36F /* FavouriteArticlesView */ = {
			isa = PBXGroup;
			children = (
				B9242E60241FAEE000347747 /* FavoriteTableViewCell.swift */,
				B948A95C241BC3D500EAF36F /* FavouritesTableViewController.swift */,
			);
			path = FavouriteArticlesView;
			sourceTree = "<group>";
		};
		B9835CE52405064A00EE6F32 = {
			isa = PBXGroup;
			children = (
				B9835CF02405064A00EE6F32 /* NewsReader */,
				B9835D072405064C00EE6F32 /* NewsReaderTests */,
				B9835D122405064C00EE6F32 /* NewsReaderUITests */,
				B9835CEF2405064A00EE6F32 /* Products */,
				8D299FC8D0A9ED6C947356B4 /* Pods */,
				678B101DFA499610E913384F /* Frameworks */,
			);
			sourceTree = "<group>";
		};
		B9835CEF2405064A00EE6F32 /* Products */ = {
			isa = PBXGroup;
			children = (
				B9835CEE2405064A00EE6F32 /* NewsReader.app */,
				B9835D042405064C00EE6F32 /* NewsReaderTests.xctest */,
				B9835D0F2405064C00EE6F32 /* NewsReaderUITests.xctest */,
			);
			name = Products;
			sourceTree = "<group>";
		};
		B9835CF02405064A00EE6F32 /* NewsReader */ = {
			isa = PBXGroup;
			children = (
				B9835CF12405064A00EE6F32 /* AppDelegate.swift */,
				B9835CF32405064A00EE6F32 /* SceneDelegate.swift */,
				B9C286962417D1290041EB57 /* ViewModel */,
				B9C286912417CE530041EB57 /* Model */,
				B9C286922417CE780041EB57 /* AllArticlesView */,
				B9C286932417CECD0041EB57 /* SingleArticleView */,
				B9C286942417CF600041EB57 /* WebView */,
				B948A95B241BC37200EAF36F /* FavouriteArticlesView */,
				B9C286952417CF960041EB57 /* Utils */,
				B9835CF72405064A00EE6F32 /* Main.storyboard */,
				B9835CFA2405064B00EE6F32 /* Assets.xcassets */,
				B9835CFC2405064B00EE6F32 /* LaunchScreen.storyboard */,
				B9835CFF2405064B00EE6F32 /* Info.plist */,
			);
			path = NewsReader;
			sourceTree = "<group>";
		};
		B9835D072405064C00EE6F32 /* NewsReaderTests */ = {
			isa = PBXGroup;
			children = (
				B9835D082405064C00EE6F32 /* NewsReaderTests.swift */,
				B9835D0A2405064C00EE6F32 /* Info.plist */,
			);
			path = NewsReaderTests;
			sourceTree = "<group>";
		};
		B9835D122405064C00EE6F32 /* NewsReaderUITests */ = {
			isa = PBXGroup;
			children = (
				B9835D132405064C00EE6F32 /* NewsReaderUITests.swift */,
				B9835D152405064C00EE6F32 /* Info.plist */,
			);
			path = NewsReaderUITests;
			sourceTree = "<group>";
		};
		B9C286912417CE530041EB57 /* Model */ = {
			isa = PBXGroup;
			children = (
				B96C2FA3240514B20039C10B /* Article.swift */,
				B9242E5C241F837400347747 /* Favorite.swift */,
				B981559C2420B80400E54954 /* News.swift */,
				B98155A024211A1F00E54954 /* ArticlePreview.swift */,
			);
			path = Model;
			sourceTree = "<group>";
		};
		B9C286922417CE780041EB57 /* AllArticlesView */ = {
			isa = PBXGroup;
			children = (
				B96C2FA9240528DE0039C10B /* ArticleTableViewCell.swift */,
				B96C2FA7240526D70039C10B /* ArticlesTableViewController.swift */,
			);
			path = AllArticlesView;
			sourceTree = "<group>";
		};
		B9C286932417CECD0041EB57 /* SingleArticleView */ = {
			isa = PBXGroup;
			children = (
				B9C295632406661200828586 /* ArticleCollectionViewCell.swift */,
				B961792E240CE70B00E534E1 /* ArticleCollectionViewController.swift */,
			);
			path = SingleArticleView;
			sourceTree = "<group>";
		};
		B9C286942417CF600041EB57 /* WebView */ = {
			isa = PBXGroup;
			children = (
				B9FFE4E52407E9D8009FA7AD /* WebViewController.swift */,
			);
			path = WebView;
			sourceTree = "<group>";
		};
		B9C286952417CF960041EB57 /* Utils */ = {
			isa = PBXGroup;
			children = (
				B96C2FA5240515D50039C10B /* Request.swift */,
				B96C2FAB240548610039C10B /* CustomImageView.swift */,
				B948A95E241BC46100EAF36F /* TabBarController.swift */,
			);
			path = Utils;
			sourceTree = "<group>";
		};
		B9C286962417D1290041EB57 /* ViewModel */ = {
			isa = PBXGroup;
			children = (
				B9C286972417D14D0041EB57 /* AllArticlesViewModel.swift */,
				B948A959241B76EA00EAF36F /* SingleArticleViewModel.swift */,
				B9242E5E241FAA6300347747 /* FavoritesViewModel.swift */,
				B9FBCEA1242209FB0071E533 /* WebViewViewModel.swift */,
			);
			path = ViewModel;
			sourceTree = "<group>";
		};
/* End PBXGroup section */

/* Begin PBXNativeTarget section */
		B9835CED2405064A00EE6F32 /* NewsReader */ = {
			isa = PBXNativeTarget;
			buildConfigurationList = B9835D182405064C00EE6F32 /* Build configuration list for PBXNativeTarget "NewsReader" */;
			buildPhases = (
				89B6FEACB79BCB5D09294F99 /* [CP] Check Pods Manifest.lock */,
				B9835CEA2405064A00EE6F32 /* Sources */,
				B9835CEB2405064A00EE6F32 /* Frameworks */,
				B9835CEC2405064A00EE6F32 /* Resources */,
				DB160D92BE4BAB8CEAD2AB82 /* [CP] Embed Pods Frameworks */,
			);
			buildRules = (
			);
			dependencies = (
			);
			name = NewsReader;
			productName = NewsReader;
			productReference = B9835CEE2405064A00EE6F32 /* NewsReader.app */;
			productType = "com.apple.product-type.application";
		};
		B9835D032405064C00EE6F32 /* NewsReaderTests */ = {
			isa = PBXNativeTarget;
			buildConfigurationList = B9835D1B2405064C00EE6F32 /* Build configuration list for PBXNativeTarget "NewsReaderTests" */;
			buildPhases = (
				419FF605C219637A5321351E /* [CP] Check Pods Manifest.lock */,
				B9835D002405064C00EE6F32 /* Sources */,
				B9835D012405064C00EE6F32 /* Frameworks */,
				B9835D022405064C00EE6F32 /* Resources */,
			);
			buildRules = (
			);
			dependencies = (
				B9835D062405064C00EE6F32 /* PBXTargetDependency */,
			);
			name = NewsReaderTests;
			productName = NewsReaderTests;
			productReference = B9835D042405064C00EE6F32 /* NewsReaderTests.xctest */;
			productType = "com.apple.product-type.bundle.unit-test";
		};
		B9835D0E2405064C00EE6F32 /* NewsReaderUITests */ = {
			isa = PBXNativeTarget;
			buildConfigurationList = B9835D1E2405064C00EE6F32 /* Build configuration list for PBXNativeTarget "NewsReaderUITests" */;
			buildPhases = (
				A6DE3C4DBEFD22684A9E5B25 /* [CP] Check Pods Manifest.lock */,
				B9835D0B2405064C00EE6F32 /* Sources */,
				B9835D0C2405064C00EE6F32 /* Frameworks */,
				B9835D0D2405064C00EE6F32 /* Resources */,
				2661C533FF1A0EA1B359BDCA /* [CP] Embed Pods Frameworks */,
			);
			buildRules = (
			);
			dependencies = (
				B9835D112405064C00EE6F32 /* PBXTargetDependency */,
			);
			name = NewsReaderUITests;
			productName = NewsReaderUITests;
			productReference = B9835D0F2405064C00EE6F32 /* NewsReaderUITests.xctest */;
			productType = "com.apple.product-type.bundle.ui-testing";
		};
/* End PBXNativeTarget section */

/* Begin PBXProject section */
		B9835CE62405064A00EE6F32 /* Project object */ = {
			isa = PBXProject;
			attributes = {
				LastSwiftUpdateCheck = 1130;
				LastUpgradeCheck = 1130;
				ORGANIZATIONNAME = Internship;
				TargetAttributes = {
					B9835CED2405064A00EE6F32 = {
						CreatedOnToolsVersion = 11.3.1;
					};
					B9835D032405064C00EE6F32 = {
						CreatedOnToolsVersion = 11.3.1;
						TestTargetID = B9835CED2405064A00EE6F32;
					};
					B9835D0E2405064C00EE6F32 = {
						CreatedOnToolsVersion = 11.3.1;
						TestTargetID = B9835CED2405064A00EE6F32;
					};
				};
			};
			buildConfigurationList = B9835CE92405064A00EE6F32 /* Build configuration list for PBXProject "NewsReader" */;
			compatibilityVersion = "Xcode 9.3";
			developmentRegion = en;
			hasScannedForEncodings = 0;
			knownRegions = (
				en,
				Base,
			);
			mainGroup = B9835CE52405064A00EE6F32;
			productRefGroup = B9835CEF2405064A00EE6F32 /* Products */;
			projectDirPath = "";
			projectRoot = "";
			targets = (
				B9835CED2405064A00EE6F32 /* NewsReader */,
				B9835D032405064C00EE6F32 /* NewsReaderTests */,
				B9835D0E2405064C00EE6F32 /* NewsReaderUITests */,
			);
		};
/* End PBXProject section */

/* Begin PBXResourcesBuildPhase section */
		B9835CEC2405064A00EE6F32 /* Resources */ = {
			isa = PBXResourcesBuildPhase;
			buildActionMask = 2147483647;
			files = (
				B9835CFE2405064B00EE6F32 /* LaunchScreen.storyboard in Resources */,
				B9835CFB2405064B00EE6F32 /* Assets.xcassets in Resources */,
				B9835CF92405064A00EE6F32 /* Main.storyboard in Resources */,
			);
			runOnlyForDeploymentPostprocessing = 0;
		};
		B9835D022405064C00EE6F32 /* Resources */ = {
			isa = PBXResourcesBuildPhase;
			buildActionMask = 2147483647;
			files = (
			);
			runOnlyForDeploymentPostprocessing = 0;
		};
		B9835D0D2405064C00EE6F32 /* Resources */ = {
			isa = PBXResourcesBuildPhase;
			buildActionMask = 2147483647;
			files = (
			);
			runOnlyForDeploymentPostprocessing = 0;
		};
/* End PBXResourcesBuildPhase section */

/* Begin PBXShellScriptBuildPhase section */
		2661C533FF1A0EA1B359BDCA /* [CP] Embed Pods Frameworks */ = {
			isa = PBXShellScriptBuildPhase;
			buildActionMask = 2147483647;
			files = (
			);
			inputFileListPaths = (
				"${PODS_ROOT}/Target Support Files/Pods-NewsReader-NewsReaderUITests/Pods-NewsReader-NewsReaderUITests-frameworks-${CONFIGURATION}-input-files.xcfilelist",
			);
			name = "[CP] Embed Pods Frameworks";
			outputFileListPaths = (
				"${PODS_ROOT}/Target Support Files/Pods-NewsReader-NewsReaderUITests/Pods-NewsReader-NewsReaderUITests-frameworks-${CONFIGURATION}-output-files.xcfilelist",
			);
			runOnlyForDeploymentPostprocessing = 0;
			shellPath = /bin/sh;
			shellScript = "\"${PODS_ROOT}/Target Support Files/Pods-NewsReader-NewsReaderUITests/Pods-NewsReader-NewsReaderUITests-frameworks.sh\"\n";
			showEnvVarsInLog = 0;
		};
		419FF605C219637A5321351E /* [CP] Check Pods Manifest.lock */ = {
			isa = PBXShellScriptBuildPhase;
			buildActionMask = 2147483647;
			files = (
			);
			inputFileListPaths = (
			);
			inputPaths = (
				"${PODS_PODFILE_DIR_PATH}/Podfile.lock",
				"${PODS_ROOT}/Manifest.lock",
			);
			name = "[CP] Check Pods Manifest.lock";
			outputFileListPaths = (
			);
			outputPaths = (
				"$(DERIVED_FILE_DIR)/Pods-NewsReaderTests-checkManifestLockResult.txt",
			);
			runOnlyForDeploymentPostprocessing = 0;
			shellPath = /bin/sh;
			shellScript = "diff \"${PODS_PODFILE_DIR_PATH}/Podfile.lock\" \"${PODS_ROOT}/Manifest.lock\" > /dev/null\nif [ $? != 0 ] ; then\n    # print error to STDERR\n    echo \"error: The sandbox is not in sync with the Podfile.lock. Run 'pod install' or update your CocoaPods installation.\" >&2\n    exit 1\nfi\n# This output is used by Xcode 'outputs' to avoid re-running this script phase.\necho \"SUCCESS\" > \"${SCRIPT_OUTPUT_FILE_0}\"\n";
			showEnvVarsInLog = 0;
		};
		89B6FEACB79BCB5D09294F99 /* [CP] Check Pods Manifest.lock */ = {
			isa = PBXShellScriptBuildPhase;
			buildActionMask = 2147483647;
			files = (
			);
			inputFileListPaths = (
			);
			inputPaths = (
				"${PODS_PODFILE_DIR_PATH}/Podfile.lock",
				"${PODS_ROOT}/Manifest.lock",
			);
			name = "[CP] Check Pods Manifest.lock";
			outputFileListPaths = (
			);
			outputPaths = (
				"$(DERIVED_FILE_DIR)/Pods-NewsReader-checkManifestLockResult.txt",
			);
			runOnlyForDeploymentPostprocessing = 0;
			shellPath = /bin/sh;
			shellScript = "diff \"${PODS_PODFILE_DIR_PATH}/Podfile.lock\" \"${PODS_ROOT}/Manifest.lock\" > /dev/null\nif [ $? != 0 ] ; then\n    # print error to STDERR\n    echo \"error: The sandbox is not in sync with the Podfile.lock. Run 'pod install' or update your CocoaPods installation.\" >&2\n    exit 1\nfi\n# This output is used by Xcode 'outputs' to avoid re-running this script phase.\necho \"SUCCESS\" > \"${SCRIPT_OUTPUT_FILE_0}\"\n";
			showEnvVarsInLog = 0;
		};
		A6DE3C4DBEFD22684A9E5B25 /* [CP] Check Pods Manifest.lock */ = {
			isa = PBXShellScriptBuildPhase;
			buildActionMask = 2147483647;
			files = (
			);
			inputFileListPaths = (
			);
			inputPaths = (
				"${PODS_PODFILE_DIR_PATH}/Podfile.lock",
				"${PODS_ROOT}/Manifest.lock",
			);
			name = "[CP] Check Pods Manifest.lock";
			outputFileListPaths = (
			);
			outputPaths = (
				"$(DERIVED_FILE_DIR)/Pods-NewsReader-NewsReaderUITests-checkManifestLockResult.txt",
			);
			runOnlyForDeploymentPostprocessing = 0;
			shellPath = /bin/sh;
			shellScript = "diff \"${PODS_PODFILE_DIR_PATH}/Podfile.lock\" \"${PODS_ROOT}/Manifest.lock\" > /dev/null\nif [ $? != 0 ] ; then\n    # print error to STDERR\n    echo \"error: The sandbox is not in sync with the Podfile.lock. Run 'pod install' or update your CocoaPods installation.\" >&2\n    exit 1\nfi\n# This output is used by Xcode 'outputs' to avoid re-running this script phase.\necho \"SUCCESS\" > \"${SCRIPT_OUTPUT_FILE_0}\"\n";
			showEnvVarsInLog = 0;
		};
		DB160D92BE4BAB8CEAD2AB82 /* [CP] Embed Pods Frameworks */ = {
			isa = PBXShellScriptBuildPhase;
			buildActionMask = 2147483647;
			files = (
			);
			inputFileListPaths = (
				"${PODS_ROOT}/Target Support Files/Pods-NewsReader/Pods-NewsReader-frameworks-${CONFIGURATION}-input-files.xcfilelist",
			);
			name = "[CP] Embed Pods Frameworks";
			outputFileListPaths = (
				"${PODS_ROOT}/Target Support Files/Pods-NewsReader/Pods-NewsReader-frameworks-${CONFIGURATION}-output-files.xcfilelist",
			);
			runOnlyForDeploymentPostprocessing = 0;
			shellPath = /bin/sh;
			shellScript = "\"${PODS_ROOT}/Target Support Files/Pods-NewsReader/Pods-NewsReader-frameworks.sh\"\n";
			showEnvVarsInLog = 0;
		};
/* End PBXShellScriptBuildPhase section */

/* Begin PBXSourcesBuildPhase section */
		B9835CEA2405064A00EE6F32 /* Sources */ = {
			isa = PBXSourcesBuildPhase;
			buildActionMask = 2147483647;
			files = (
				B9242E5D241F837400347747 /* Favorite.swift in Sources */,
				B96C2FA8240526D70039C10B /* ArticlesTableViewController.swift in Sources */,
				B9242E5F241FAA6300347747 /* FavoritesViewModel.swift in Sources */,
				B98155A124211A1F00E54954 /* ArticlePreview.swift in Sources */,
				B948A95A241B76EA00EAF36F /* SingleArticleViewModel.swift in Sources */,
				B961792F240CE70B00E534E1 /* ArticleCollectionViewController.swift in Sources */,
				B9835CF22405064A00EE6F32 /* AppDelegate.swift in Sources */,
				B9242E61241FAEE000347747 /* FavoriteTableViewCell.swift in Sources */,
				B96C2FA4240514B20039C10B /* Article.swift in Sources */,
				B9FFE4E62407E9D8009FA7AD /* WebViewController.swift in Sources */,
				B9FBCEA2242209FB0071E533 /* WebViewViewModel.swift in Sources */,
				B9C295642406661200828586 /* ArticleCollectionViewCell.swift in Sources */,
				B9835CF42405064A00EE6F32 /* SceneDelegate.swift in Sources */,
				B9C286982417D14D0041EB57 /* AllArticlesViewModel.swift in Sources */,
				B981559D2420B80400E54954 /* News.swift in Sources */,
				B96C2FAC240548610039C10B /* CustomImageView.swift in Sources */,
				B96C2FAA240528DE0039C10B /* ArticleTableViewCell.swift in Sources */,
				B948A95F241BC46100EAF36F /* TabBarController.swift in Sources */,
				B96C2FA6240515D50039C10B /* Request.swift in Sources */,
				B948A95D241BC3D500EAF36F /* FavouritesTableViewController.swift in Sources */,
			);
			runOnlyForDeploymentPostprocessing = 0;
		};
		B9835D002405064C00EE6F32 /* Sources */ = {
			isa = PBXSourcesBuildPhase;
			buildActionMask = 2147483647;
			files = (
				B9835D092405064C00EE6F32 /* NewsReaderTests.swift in Sources */,
			);
			runOnlyForDeploymentPostprocessing = 0;
		};
		B9835D0B2405064C00EE6F32 /* Sources */ = {
			isa = PBXSourcesBuildPhase;
			buildActionMask = 2147483647;
			files = (
				B9835D142405064C00EE6F32 /* NewsReaderUITests.swift in Sources */,
			);
			runOnlyForDeploymentPostprocessing = 0;
		};
/* End PBXSourcesBuildPhase section */

/* Begin PBXTargetDependency section */
		B9835D062405064C00EE6F32 /* PBXTargetDependency */ = {
			isa = PBXTargetDependency;
			target = B9835CED2405064A00EE6F32 /* NewsReader */;
			targetProxy = B9835D052405064C00EE6F32 /* PBXContainerItemProxy */;
		};
		B9835D112405064C00EE6F32 /* PBXTargetDependency */ = {
			isa = PBXTargetDependency;
			target = B9835CED2405064A00EE6F32 /* NewsReader */;
			targetProxy = B9835D102405064C00EE6F32 /* PBXContainerItemProxy */;
		};
/* End PBXTargetDependency section */

/* Begin PBXVariantGroup section */
		B9835CF72405064A00EE6F32 /* Main.storyboard */ = {
			isa = PBXVariantGroup;
			children = (
				B9835CF82405064A00EE6F32 /* Base */,
			);
			name = Main.storyboard;
			sourceTree = "<group>";
		};
		B9835CFC2405064B00EE6F32 /* LaunchScreen.storyboard */ = {
			isa = PBXVariantGroup;
			children = (
				B9835CFD2405064B00EE6F32 /* Base */,
			);
			name = LaunchScreen.storyboard;
			sourceTree = "<group>";
		};
/* End PBXVariantGroup section */

/* Begin XCBuildConfiguration section */
		B9835D162405064C00EE6F32 /* Debug */ = {
			isa = XCBuildConfiguration;
			buildSettings = {
				ALWAYS_SEARCH_USER_PATHS = NO;
				CLANG_ANALYZER_NONNULL = YES;
				CLANG_ANALYZER_NUMBER_OBJECT_CONVERSION = YES_AGGRESSIVE;
				CLANG_CXX_LANGUAGE_STANDARD = "gnu++14";
				CLANG_CXX_LIBRARY = "libc++";
				CLANG_ENABLE_MODULES = YES;
				CLANG_ENABLE_OBJC_ARC = YES;
				CLANG_ENABLE_OBJC_WEAK = YES;
				CLANG_WARN_BLOCK_CAPTURE_AUTORELEASING = YES;
				CLANG_WARN_BOOL_CONVERSION = YES;
				CLANG_WARN_COMMA = YES;
				CLANG_WARN_CONSTANT_CONVERSION = YES;
				CLANG_WARN_DEPRECATED_OBJC_IMPLEMENTATIONS = YES;
				CLANG_WARN_DIRECT_OBJC_ISA_USAGE = YES_ERROR;
				CLANG_WARN_DOCUMENTATION_COMMENTS = YES;
				CLANG_WARN_EMPTY_BODY = YES;
				CLANG_WARN_ENUM_CONVERSION = YES;
				CLANG_WARN_INFINITE_RECURSION = YES;
				CLANG_WARN_INT_CONVERSION = YES;
				CLANG_WARN_NON_LITERAL_NULL_CONVERSION = YES;
				CLANG_WARN_OBJC_IMPLICIT_RETAIN_SELF = YES;
				CLANG_WARN_OBJC_LITERAL_CONVERSION = YES;
				CLANG_WARN_OBJC_ROOT_CLASS = YES_ERROR;
				CLANG_WARN_RANGE_LOOP_ANALYSIS = YES;
				CLANG_WARN_STRICT_PROTOTYPES = YES;
				CLANG_WARN_SUSPICIOUS_MOVE = YES;
				CLANG_WARN_UNGUARDED_AVAILABILITY = YES_AGGRESSIVE;
				CLANG_WARN_UNREACHABLE_CODE = YES;
				CLANG_WARN__DUPLICATE_METHOD_MATCH = YES;
				COPY_PHASE_STRIP = NO;
				DEBUG_INFORMATION_FORMAT = dwarf;
				ENABLE_STRICT_OBJC_MSGSEND = YES;
				ENABLE_TESTABILITY = YES;
				GCC_C_LANGUAGE_STANDARD = gnu11;
				GCC_DYNAMIC_NO_PIC = NO;
				GCC_NO_COMMON_BLOCKS = YES;
				GCC_OPTIMIZATION_LEVEL = 0;
				GCC_PREPROCESSOR_DEFINITIONS = (
					"DEBUG=1",
					"$(inherited)",
				);
				GCC_WARN_64_TO_32_BIT_CONVERSION = YES;
				GCC_WARN_ABOUT_RETURN_TYPE = YES_ERROR;
				GCC_WARN_UNDECLARED_SELECTOR = YES;
				GCC_WARN_UNINITIALIZED_AUTOS = YES_AGGRESSIVE;
				GCC_WARN_UNUSED_FUNCTION = YES;
				GCC_WARN_UNUSED_VARIABLE = YES;
				IPHONEOS_DEPLOYMENT_TARGET = 13.2;
				MTL_ENABLE_DEBUG_INFO = INCLUDE_SOURCE;
				MTL_FAST_MATH = YES;
				ONLY_ACTIVE_ARCH = YES;
				SDKROOT = iphoneos;
				SWIFT_ACTIVE_COMPILATION_CONDITIONS = DEBUG;
				SWIFT_OPTIMIZATION_LEVEL = "-Onone";
			};
			name = Debug;
		};
		B9835D172405064C00EE6F32 /* Release */ = {
			isa = XCBuildConfiguration;
			buildSettings = {
				ALWAYS_SEARCH_USER_PATHS = NO;
				CLANG_ANALYZER_NONNULL = YES;
				CLANG_ANALYZER_NUMBER_OBJECT_CONVERSION = YES_AGGRESSIVE;
				CLANG_CXX_LANGUAGE_STANDARD = "gnu++14";
				CLANG_CXX_LIBRARY = "libc++";
				CLANG_ENABLE_MODULES = YES;
				CLANG_ENABLE_OBJC_ARC = YES;
				CLANG_ENABLE_OBJC_WEAK = YES;
				CLANG_WARN_BLOCK_CAPTURE_AUTORELEASING = YES;
				CLANG_WARN_BOOL_CONVERSION = YES;
				CLANG_WARN_COMMA = YES;
				CLANG_WARN_CONSTANT_CONVERSION = YES;
				CLANG_WARN_DEPRECATED_OBJC_IMPLEMENTATIONS = YES;
				CLANG_WARN_DIRECT_OBJC_ISA_USAGE = YES_ERROR;
				CLANG_WARN_DOCUMENTATION_COMMENTS = YES;
				CLANG_WARN_EMPTY_BODY = YES;
				CLANG_WARN_ENUM_CONVERSION = YES;
				CLANG_WARN_INFINITE_RECURSION = YES;
				CLANG_WARN_INT_CONVERSION = YES;
				CLANG_WARN_NON_LITERAL_NULL_CONVERSION = YES;
				CLANG_WARN_OBJC_IMPLICIT_RETAIN_SELF = YES;
				CLANG_WARN_OBJC_LITERAL_CONVERSION = YES;
				CLANG_WARN_OBJC_ROOT_CLASS = YES_ERROR;
				CLANG_WARN_RANGE_LOOP_ANALYSIS = YES;
				CLANG_WARN_STRICT_PROTOTYPES = YES;
				CLANG_WARN_SUSPICIOUS_MOVE = YES;
				CLANG_WARN_UNGUARDED_AVAILABILITY = YES_AGGRESSIVE;
				CLANG_WARN_UNREACHABLE_CODE = YES;
				CLANG_WARN__DUPLICATE_METHOD_MATCH = YES;
				COPY_PHASE_STRIP = NO;
				DEBUG_INFORMATION_FORMAT = "dwarf-with-dsym";
				ENABLE_NS_ASSERTIONS = NO;
				ENABLE_STRICT_OBJC_MSGSEND = YES;
				GCC_C_LANGUAGE_STANDARD = gnu11;
				GCC_NO_COMMON_BLOCKS = YES;
				GCC_WARN_64_TO_32_BIT_CONVERSION = YES;
				GCC_WARN_ABOUT_RETURN_TYPE = YES_ERROR;
				GCC_WARN_UNDECLARED_SELECTOR = YES;
				GCC_WARN_UNINITIALIZED_AUTOS = YES_AGGRESSIVE;
				GCC_WARN_UNUSED_FUNCTION = YES;
				GCC_WARN_UNUSED_VARIABLE = YES;
				IPHONEOS_DEPLOYMENT_TARGET = 13.2;
				MTL_ENABLE_DEBUG_INFO = NO;
				MTL_FAST_MATH = YES;
				SDKROOT = iphoneos;
				SWIFT_COMPILATION_MODE = wholemodule;
				SWIFT_OPTIMIZATION_LEVEL = "-O";
				VALIDATE_PRODUCT = YES;
			};
			name = Release;
		};
		B9835D192405064C00EE6F32 /* Debug */ = {
			isa = XCBuildConfiguration;
			baseConfigurationReference = 6B90105B5D7DE491F006ED2A /* Pods-NewsReader.debug.xcconfig */;
			buildSettings = {
				ASSETCATALOG_COMPILER_APPICON_NAME = AppIcon;
				CODE_SIGN_STYLE = Automatic;
				INFOPLIST_FILE = NewsReader/Info.plist;
				LD_RUNPATH_SEARCH_PATHS = (
					"$(inherited)",
					"@executable_path/Frameworks",
				);
				PRODUCT_BUNDLE_IDENTIFIER = factory.hr.NewsReader;
				PRODUCT_NAME = "$(TARGET_NAME)";
				SWIFT_VERSION = 5.0;
				TARGETED_DEVICE_FAMILY = "1,2";
			};
			name = Debug;
		};
		B9835D1A2405064C00EE6F32 /* Release */ = {
			isa = XCBuildConfiguration;
			baseConfigurationReference = 636678EACBCB3C3CF4F768DB /* Pods-NewsReader.release.xcconfig */;
			buildSettings = {
				ASSETCATALOG_COMPILER_APPICON_NAME = AppIcon;
				CODE_SIGN_STYLE = Automatic;
				INFOPLIST_FILE = NewsReader/Info.plist;
				LD_RUNPATH_SEARCH_PATHS = (
					"$(inherited)",
					"@executable_path/Frameworks",
				);
				PRODUCT_BUNDLE_IDENTIFIER = factory.hr.NewsReader;
				PRODUCT_NAME = "$(TARGET_NAME)";
				SWIFT_VERSION = 5.0;
				TARGETED_DEVICE_FAMILY = "1,2";
			};
			name = Release;
		};
		B9835D1C2405064C00EE6F32 /* Debug */ = {
			isa = XCBuildConfiguration;
			baseConfigurationReference = E64AF0614739C918D7BE7504 /* Pods-NewsReaderTests.debug.xcconfig */;
			buildSettings = {
				ALWAYS_EMBED_SWIFT_STANDARD_LIBRARIES = YES;
				BUNDLE_LOADER = "$(TEST_HOST)";
				CODE_SIGN_STYLE = Automatic;
				INFOPLIST_FILE = NewsReaderTests/Info.plist;
				IPHONEOS_DEPLOYMENT_TARGET = 13.2;
				LD_RUNPATH_SEARCH_PATHS = (
					"$(inherited)",
					"@executable_path/Frameworks",
					"@loader_path/Frameworks",
				);
				PRODUCT_BUNDLE_IDENTIFIER = factory.hr.NewsReaderTests;
				PRODUCT_NAME = "$(TARGET_NAME)";
				SWIFT_VERSION = 5.0;
				TARGETED_DEVICE_FAMILY = "1,2";
				TEST_HOST = "$(BUILT_PRODUCTS_DIR)/NewsReader.app/NewsReader";
			};
			name = Debug;
		};
		B9835D1D2405064C00EE6F32 /* Release */ = {
			isa = XCBuildConfiguration;
			baseConfigurationReference = 3E83DDB798312F0255E3312C /* Pods-NewsReaderTests.release.xcconfig */;
			buildSettings = {
				ALWAYS_EMBED_SWIFT_STANDARD_LIBRARIES = YES;
				BUNDLE_LOADER = "$(TEST_HOST)";
				CODE_SIGN_STYLE = Automatic;
				INFOPLIST_FILE = NewsReaderTests/Info.plist;
				IPHONEOS_DEPLOYMENT_TARGET = 13.2;
				LD_RUNPATH_SEARCH_PATHS = (
					"$(inherited)",
					"@executable_path/Frameworks",
					"@loader_path/Frameworks",
				);
				PRODUCT_BUNDLE_IDENTIFIER = factory.hr.NewsReaderTests;
				PRODUCT_NAME = "$(TARGET_NAME)";
				SWIFT_VERSION = 5.0;
				TARGETED_DEVICE_FAMILY = "1,2";
				TEST_HOST = "$(BUILT_PRODUCTS_DIR)/NewsReader.app/NewsReader";
			};
			name = Release;
		};
		B9835D1F2405064C00EE6F32 /* Debug */ = {
			isa = XCBuildConfiguration;
			baseConfigurationReference = 78EAA1249EB2FD397FCA08D1 /* Pods-NewsReader-NewsReaderUITests.debug.xcconfig */;
			buildSettings = {
				ALWAYS_EMBED_SWIFT_STANDARD_LIBRARIES = YES;
				CODE_SIGN_STYLE = Automatic;
				INFOPLIST_FILE = NewsReaderUITests/Info.plist;
				LD_RUNPATH_SEARCH_PATHS = (
					"$(inherited)",
					"@executable_path/Frameworks",
					"@loader_path/Frameworks",
				);
				PRODUCT_BUNDLE_IDENTIFIER = factory.hr.NewsReaderUITests;
				PRODUCT_NAME = "$(TARGET_NAME)";
				SWIFT_VERSION = 5.0;
				TARGETED_DEVICE_FAMILY = "1,2";
				TEST_TARGET_NAME = NewsReader;
			};
			name = Debug;
		};
		B9835D202405064C00EE6F32 /* Release */ = {
			isa = XCBuildConfiguration;
			baseConfigurationReference = 0686452833F080FC9CAEDDC6 /* Pods-NewsReader-NewsReaderUITests.release.xcconfig */;
			buildSettings = {
				ALWAYS_EMBED_SWIFT_STANDARD_LIBRARIES = YES;
				CODE_SIGN_STYLE = Automatic;
				INFOPLIST_FILE = NewsReaderUITests/Info.plist;
				LD_RUNPATH_SEARCH_PATHS = (
					"$(inherited)",
					"@executable_path/Frameworks",
					"@loader_path/Frameworks",
				);
				PRODUCT_BUNDLE_IDENTIFIER = factory.hr.NewsReaderUITests;
				PRODUCT_NAME = "$(TARGET_NAME)";
				SWIFT_VERSION = 5.0;
				TARGETED_DEVICE_FAMILY = "1,2";
				TEST_TARGET_NAME = NewsReader;
			};
			name = Release;
		};
/* End XCBuildConfiguration section */

/* Begin XCConfigurationList section */
		B9835CE92405064A00EE6F32 /* Build configuration list for PBXProject "NewsReader" */ = {
			isa = XCConfigurationList;
			buildConfigurations = (
				B9835D162405064C00EE6F32 /* Debug */,
				B9835D172405064C00EE6F32 /* Release */,
			);
			defaultConfigurationIsVisible = 0;
			defaultConfigurationName = Release;
		};
		B9835D182405064C00EE6F32 /* Build configuration list for PBXNativeTarget "NewsReader" */ = {
			isa = XCConfigurationList;
			buildConfigurations = (
				B9835D192405064C00EE6F32 /* Debug */,
				B9835D1A2405064C00EE6F32 /* Release */,
			);
			defaultConfigurationIsVisible = 0;
			defaultConfigurationName = Release;
		};
		B9835D1B2405064C00EE6F32 /* Build configuration list for PBXNativeTarget "NewsReaderTests" */ = {
			isa = XCConfigurationList;
			buildConfigurations = (
				B9835D1C2405064C00EE6F32 /* Debug */,
				B9835D1D2405064C00EE6F32 /* Release */,
			);
			defaultConfigurationIsVisible = 0;
			defaultConfigurationName = Release;
		};
		B9835D1E2405064C00EE6F32 /* Build configuration list for PBXNativeTarget "NewsReaderUITests" */ = {
			isa = XCConfigurationList;
			buildConfigurations = (
				B9835D1F2405064C00EE6F32 /* Debug */,
				B9835D202405064C00EE6F32 /* Release */,
			);
			defaultConfigurationIsVisible = 0;
			defaultConfigurationName = Release;
		};
/* End XCConfigurationList section */
	};
	rootObject = B9835CE62405064A00EE6F32 /* Project object */;
}
