// !$*UTF8*$!
{
	archiveVersion = 1;
	classes = {
	};
	objectVersion = 50;
	objects = {

/* Begin PBXBuildFile section */
		B96C2FA4240514B20039C10B /* News.swift in Sources */ = {isa = PBXBuildFile; fileRef = B96C2FA3240514B20039C10B /* News.swift */; };
		B96C2FA6240515D50039C10B /* ArticleRequest.swift in Sources */ = {isa = PBXBuildFile; fileRef = B96C2FA5240515D50039C10B /* ArticleRequest.swift */; };
		B96C2FA8240526D70039C10B /* ArticlesTableViewController.swift in Sources */ = {isa = PBXBuildFile; fileRef = B96C2FA7240526D70039C10B /* ArticlesTableViewController.swift */; };
		B96C2FAA240528DE0039C10B /* ArticleTableViewCell.swift in Sources */ = {isa = PBXBuildFile; fileRef = B96C2FA9240528DE0039C10B /* ArticleTableViewCell.swift */; };
		B96C2FAC240548610039C10B /* CustomImageView.swift in Sources */ = {isa = PBXBuildFile; fileRef = B96C2FAB240548610039C10B /* CustomImageView.swift */; };
		B9835CF22405064A00EE6F32 /* AppDelegate.swift in Sources */ = {isa = PBXBuildFile; fileRef = B9835CF12405064A00EE6F32 /* AppDelegate.swift */; };
		B9835CF42405064A00EE6F32 /* SceneDelegate.swift in Sources */ = {isa = PBXBuildFile; fileRef = B9835CF32405064A00EE6F32 /* SceneDelegate.swift */; };
		B9835CF92405064A00EE6F32 /* Main.storyboard in Resources */ = {isa = PBXBuildFile; fileRef = B9835CF72405064A00EE6F32 /* Main.storyboard */; };
		B9835CFB2405064B00EE6F32 /* Assets.xcassets in Resources */ = {isa = PBXBuildFile; fileRef = B9835CFA2405064B00EE6F32 /* Assets.xcassets */; };
		B9835CFE2405064B00EE6F32 /* LaunchScreen.storyboard in Resources */ = {isa = PBXBuildFile; fileRef = B9835CFC2405064B00EE6F32 /* LaunchScreen.storyboard */; };
		B9835D092405064C00EE6F32 /* NewsReaderTests.swift in Sources */ = {isa = PBXBuildFile; fileRef = B9835D082405064C00EE6F32 /* NewsReaderTests.swift */; };
		B9835D142405064C00EE6F32 /* NewsReaderUITests.swift in Sources */ = {isa = PBXBuildFile; fileRef = B9835D132405064C00EE6F32 /* NewsReaderUITests.swift */; };
		B9C29562240664FF00828586 /* ArticleCollectionViewController.swift in Sources */ = {isa = PBXBuildFile; fileRef = B9C29561240664FF00828586 /* ArticleCollectionViewController.swift */; };
		B9C295642406661200828586 /* ArticleCollectionViewCell.swift in Sources */ = {isa = PBXBuildFile; fileRef = B9C295632406661200828586 /* ArticleCollectionViewCell.swift */; };
/* End PBXBuildFile section */

/* Begin PBXContainerItemProxy section */
		B9835D052405064C00EE6F32 /* PBXContainerItemProxy */ = {
			isa = PBXContainerItemProxy;
			containerPortal = B9835CE62405064A00EE6F32 /* Project object */;
			proxyType = 1;
			remoteGlobalIDString = B9835CED2405064A00EE6F32;
			remoteInfo = NewsReader;
		};
		B9835D102405064C00EE6F32 /* PBXContainerItemProxy */ = {
			isa = PBXContainerItemProxy;
			containerPortal = B9835CE62405064A00EE6F32 /* Project object */;
			proxyType = 1;
			remoteGlobalIDString = B9835CED2405064A00EE6F32;
			remoteInfo = NewsReader;
		};
/* End PBXContainerItemProxy section */

/* Begin PBXFileReference section */
		B96C2FA3240514B20039C10B /* News.swift */ = {isa = PBXFileReference; lastKnownFileType = sourcecode.swift; path = News.swift; sourceTree = "<group>"; };
		B96C2FA5240515D50039C10B /* ArticleRequest.swift */ = {isa = PBXFileReference; lastKnownFileType = sourcecode.swift; path = ArticleRequest.swift; sourceTree = "<group>"; };
		B96C2FA7240526D70039C10B /* ArticlesTableViewController.swift */ = {isa = PBXFileReference; lastKnownFileType = sourcecode.swift; path = ArticlesTableViewController.swift; sourceTree = "<group>"; };
		B96C2FA9240528DE0039C10B /* ArticleTableViewCell.swift */ = {isa = PBXFileReference; lastKnownFileType = sourcecode.swift; path = ArticleTableViewCell.swift; sourceTree = "<group>"; };
		B96C2FAB240548610039C10B /* CustomImageView.swift */ = {isa = PBXFileReference; lastKnownFileType = sourcecode.swift; path = CustomImageView.swift; sourceTree = "<group>"; };
		B9835CEE2405064A00EE6F32 /* NewsReader.app */ = {isa = PBXFileReference; explicitFileType = wrapper.application; includeInIndex = 0; path = NewsReader.app; sourceTree = BUILT_PRODUCTS_DIR; };
		B9835CF12405064A00EE6F32 /* AppDelegate.swift */ = {isa = PBXFileReference; lastKnownFileType = sourcecode.swift; path = AppDelegate.swift; sourceTree = "<group>"; };
		B9835CF32405064A00EE6F32 /* SceneDelegate.swift */ = {isa = PBXFileReference; lastKnownFileType = sourcecode.swift; path = SceneDelegate.swift; sourceTree = "<group>"; };
		B9835CF82405064A00EE6F32 /* Base */ = {isa = PBXFileReference; lastKnownFileType = file.storyboard; name = Base; path = Base.lproj/Main.storyboard; sourceTree = "<group>"; };
		B9835CFA2405064B00EE6F32 /* Assets.xcassets */ = {isa = PBXFileReference; lastKnownFileType = folder.assetcatalog; path = Assets.xcassets; sourceTree = "<group>"; };
		B9835CFD2405064B00EE6F32 /* Base */ = {isa = PBXFileReference; lastKnownFileType = file.storyboard; name = Base; path = Base.lproj/LaunchScreen.storyboard; sourceTree = "<group>"; };
		B9835CFF2405064B00EE6F32 /* Info.plist */ = {isa = PBXFileReference; lastKnownFileType = text.plist.xml; path = Info.plist; sourceTree = "<group>"; };
		B9835D042405064C00EE6F32 /* NewsReaderTests.xctest */ = {isa = PBXFileReference; explicitFileType = wrapper.cfbundle; includeInIndex = 0; path = NewsReaderTests.xctest; sourceTree = BUILT_PRODUCTS_DIR; };
		B9835D082405064C00EE6F32 /* NewsReaderTests.swift */ = {isa = PBXFileReference; lastKnownFileType = sourcecode.swift; path = NewsReaderTests.swift; sourceTree = "<group>"; };
		B9835D0A2405064C00EE6F32 /* Info.plist */ = {isa = PBXFileReference; lastKnownFileType = text.plist.xml; path = Info.plist; sourceTree = "<group>"; };
		B9835D0F2405064C00EE6F32 /* NewsReaderUITests.xctest */ = {isa = PBXFileReference; explicitFileType = wrapper.cfbundle; includeInIndex = 0; path = NewsReaderUITests.xctest; sourceTree = BUILT_PRODUCTS_DIR; };
		B9835D132405064C00EE6F32 /* NewsReaderUITests.swift */ = {isa = PBXFileReference; lastKnownFileType = sourcecode.swift; path = NewsReaderUITests.swift; sourceTree = "<group>"; };
		B9835D152405064C00EE6F32 /* Info.plist */ = {isa = PBXFileReference; lastKnownFileType = text.plist.xml; path = Info.plist; sourceTree = "<group>"; };
		B9C29561240664FF00828586 /* ArticleCollectionViewController.swift */ = {isa = PBXFileReference; lastKnownFileType = sourcecode.swift; name = ArticleCollectionViewController.swift; path = ../ArticleCollectionViewController.swift; sourceTree = "<group>"; };
		B9C295632406661200828586 /* ArticleCollectionViewCell.swift */ = {isa = PBXFileReference; lastKnownFileType = sourcecode.swift; path = ArticleCollectionViewCell.swift; sourceTree = "<group>"; };
/* End PBXFileReference section */

/* Begin PBXFrameworksBuildPhase section */
		B9835CEB2405064A00EE6F32 /* Frameworks */ = {
			isa = PBXFrameworksBuildPhase;
			buildActionMask = 2147483647;
			files = (
			);
			runOnlyForDeploymentPostprocessing = 0;
		};
		B9835D012405064C00EE6F32 /* Frameworks */ = {
			isa = PBXFrameworksBuildPhase;
			buildActionMask = 2147483647;
			files = (
			);
			runOnlyForDeploymentPostprocessing = 0;
		};
		B9835D0C2405064C00EE6F32 /* Frameworks */ = {
			isa = PBXFrameworksBuildPhase;
			buildActionMask = 2147483647;
			files = (
			);
			runOnlyForDeploymentPostprocessing = 0;
		};
/* End PBXFrameworksBuildPhase section */

/* Begin PBXGroup section */
		B9835CE52405064A00EE6F32 = {
			isa = PBXGroup;
			children = (
				B9835CF02405064A00EE6F32 /* NewsReader */,
				B9835D072405064C00EE6F32 /* NewsReaderTests */,
				B9835D122405064C00EE6F32 /* NewsReaderUITests */,
				B9835CEF2405064A00EE6F32 /* Products */,
			);
			sourceTree = "<group>";
		};
		B9835CEF2405064A00EE6F32 /* Products */ = {
			isa = PBXGroup;
			children = (
				B9835CEE2405064A00EE6F32 /* NewsReader.app */,
				B9835D042405064C00EE6F32 /* NewsReaderTests.xctest */,
				B9835D0F2405064C00EE6F32 /* NewsReaderUITests.xctest */,
			);
			name = Products;
			sourceTree = "<group>";
		};
		B9835CF02405064A00EE6F32 /* NewsReader */ = {
			isa = PBXGroup;
			children = (
				B9835CF12405064A00EE6F32 /* AppDelegate.swift */,
				B9835CF32405064A00EE6F32 /* SceneDelegate.swift */,
				B96C2FA3240514B20039C10B /* News.swift */,
				B96C2FA5240515D50039C10B /* ArticleRequest.swift */,
				B96C2FAB240548610039C10B /* CustomImageView.swift */,
				B96C2FA9240528DE0039C10B /* ArticleTableViewCell.swift */,
				B96C2FA7240526D70039C10B /* ArticlesTableViewController.swift */,
				B9C295632406661200828586 /* ArticleCollectionViewCell.swift */,
				B9C29561240664FF00828586 /* ArticleCollectionViewController.swift */,
				B9835CF72405064A00EE6F32 /* Main.storyboard */,
				B9835CFA2405064B00EE6F32 /* Assets.xcassets */,
				B9835CFC2405064B00EE6F32 /* LaunchScreen.storyboard */,
				B9835CFF2405064B00EE6F32 /* Info.plist */,
			);
			path = NewsReader;
			sourceTree = "<group>";
		};
		B9835D072405064C00EE6F32 /* NewsReaderTests */ = {
			isa = PBXGroup;
			children = (
				B9835D082405064C00EE6F32 /* NewsReaderTests.swift */,
				B9835D0A2405064C00EE6F32 /* Info.plist */,
			);
			path = NewsReaderTests;
			sourceTree = "<group>";
		};
		B9835D122405064C00EE6F32 /* NewsReaderUITests */ = {
			isa = PBXGroup;
			children = (
				B9835D132405064C00EE6F32 /* NewsReaderUITests.swift */,
				B9835D152405064C00EE6F32 /* Info.plist */,
			);
			path = NewsReaderUITests;
			sourceTree = "<group>";
		};
/* End PBXGroup section */

/* Begin PBXNativeTarget section */
		B9835CED2405064A00EE6F32 /* NewsReader */ = {
			isa = PBXNativeTarget;
			buildConfigurationList = B9835D182405064C00EE6F32 /* Build configuration list for PBXNativeTarget "NewsReader" */;
			buildPhases = (
				B9835CEA2405064A00EE6F32 /* Sources */,
				B9835CEB2405064A00EE6F32 /* Frameworks */,
				B9835CEC2405064A00EE6F32 /* Resources */,
			);
			buildRules = (
			);
			dependencies = (
			);
			name = NewsReader;
			packageProductDependencies = (
			);
			productName = NewsReader;
			productReference = B9835CEE2405064A00EE6F32 /* NewsReader.app */;
			productType = "com.apple.product-type.application";
		};
		B9835D032405064C00EE6F32 /* NewsReaderTests */ = {
			isa = PBXNativeTarget;
			buildConfigurationList = B9835D1B2405064C00EE6F32 /* Build configuration list for PBXNativeTarget "NewsReaderTests" */;
			buildPhases = (
				B9835D002405064C00EE6F32 /* Sources */,
				B9835D012405064C00EE6F32 /* Frameworks */,
				B9835D022405064C00EE6F32 /* Resources */,
			);
			buildRules = (
			);
			dependencies = (
				B9835D062405064C00EE6F32 /* PBXTargetDependency */,
			);
			name = NewsReaderTests;
			productName = NewsReaderTests;
			productReference = B9835D042405064C00EE6F32 /* NewsReaderTests.xctest */;
			productType = "com.apple.product-type.bundle.unit-test";
		};
		B9835D0E2405064C00EE6F32 /* NewsReaderUITests */ = {
			isa = PBXNativeTarget;
			buildConfigurationList = B9835D1E2405064C00EE6F32 /* Build configuration list for PBXNativeTarget "NewsReaderUITests" */;
			buildPhases = (
				B9835D0B2405064C00EE6F32 /* Sources */,
				B9835D0C2405064C00EE6F32 /* Frameworks */,
				B9835D0D2405064C00EE6F32 /* Resources */,
			);
			buildRules = (
			);
			dependencies = (
				B9835D112405064C00EE6F32 /* PBXTargetDependency */,
			);
			name = NewsReaderUITests;
			productName = NewsReaderUITests;
			productReference = B9835D0F2405064C00EE6F32 /* NewsReaderUITests.xctest */;
			productType = "com.apple.product-type.bundle.ui-testing";
		};
/* End PBXNativeTarget section */

/* Begin PBXProject section */
		B9835CE62405064A00EE6F32 /* Project object */ = {
			isa = PBXProject;
			attributes = {
				LastSwiftUpdateCheck = 1130;
				LastUpgradeCheck = 1130;
				ORGANIZATIONNAME = Internship;
				TargetAttributes = {
					B9835CED2405064A00EE6F32 = {
						CreatedOnToolsVersion = 11.3.1;
					};
					B9835D032405064C00EE6F32 = {
						CreatedOnToolsVersion = 11.3.1;
						TestTargetID = B9835CED2405064A00EE6F32;
					};
					B9835D0E2405064C00EE6F32 = {
						CreatedOnToolsVersion = 11.3.1;
						TestTargetID = B9835CED2405064A00EE6F32;
					};
				};
			};
			buildConfigurationList = B9835CE92405064A00EE6F32 /* Build configuration list for PBXProject "NewsReader" */;
			compatibilityVersion = "Xcode 9.3";
			developmentRegion = en;
			hasScannedForEncodings = 0;
			knownRegions = (
				en,
				Base,
			);
			mainGroup = B9835CE52405064A00EE6F32;
			packageReferences = (
			);
			productRefGroup = B9835CEF2405064A00EE6F32 /* Products */;
			projectDirPath = "";
			projectRoot = "";
			targets = (
				B9835CED2405064A00EE6F32 /* NewsReader */,
				B9835D032405064C00EE6F32 /* NewsReaderTests */,
				B9835D0E2405064C00EE6F32 /* NewsReaderUITests */,
			);
		};
/* End PBXProject section */

/* Begin PBXResourcesBuildPhase section */
		B9835CEC2405064A00EE6F32 /* Resources */ = {
			isa = PBXResourcesBuildPhase;
			buildActionMask = 2147483647;
			files = (
				B9835CFE2405064B00EE6F32 /* LaunchScreen.storyboard in Resources */,
				B9835CFB2405064B00EE6F32 /* Assets.xcassets in Resources */,
				B9835CF92405064A00EE6F32 /* Main.storyboard in Resources */,
			);
			runOnlyForDeploymentPostprocessing = 0;
		};
		B9835D022405064C00EE6F32 /* Resources */ = {
			isa = PBXResourcesBuildPhase;
			buildActionMask = 2147483647;
			files = (
			);
			runOnlyForDeploymentPostprocessing = 0;
		};
		B9835D0D2405064C00EE6F32 /* Resources */ = {
			isa = PBXResourcesBuildPhase;
			buildActionMask = 2147483647;
			files = (
			);
			runOnlyForDeploymentPostprocessing = 0;
		};
/* End PBXResourcesBuildPhase section */

/* Begin PBXSourcesBuildPhase section */
		B9835CEA2405064A00EE6F32 /* Sources */ = {
			isa = PBXSourcesBuildPhase;
			buildActionMask = 2147483647;
			files = (
				B96C2FA8240526D70039C10B /* ArticlesTableViewController.swift in Sources */,
				B9835CF22405064A00EE6F32 /* AppDelegate.swift in Sources */,
				B96C2FA4240514B20039C10B /* News.swift in Sources */,
				B9C295642406661200828586 /* ArticleCollectionViewCell.swift in Sources */,
				B9835CF42405064A00EE6F32 /* SceneDelegate.swift in Sources */,
				B96C2FAC240548610039C10B /* CustomImageView.swift in Sources */,
				B96C2FAA240528DE0039C10B /* ArticleTableViewCell.swift in Sources */,
				B96C2FA6240515D50039C10B /* ArticleRequest.swift in Sources */,
				B9C29562240664FF00828586 /* ArticleCollectionViewController.swift in Sources */,
			);
			runOnlyForDeploymentPostprocessing = 0;
		};
		B9835D002405064C00EE6F32 /* Sources */ = {
			isa = PBXSourcesBuildPhase;
			buildActionMask = 2147483647;
			files = (
				B9835D092405064C00EE6F32 /* NewsReaderTests.swift in Sources */,
			);
			runOnlyForDeploymentPostprocessing = 0;
		};
		B9835D0B2405064C00EE6F32 /* Sources */ = {
			isa = PBXSourcesBuildPhase;
			buildActionMask = 2147483647;
			files = (
				B9835D142405064C00EE6F32 /* NewsReaderUITests.swift in Sources */,
			);
			runOnlyForDeploymentPostprocessing = 0;
		};
/* End PBXSourcesBuildPhase section */

/* Begin PBXTargetDependency section */
		B9835D062405064C00EE6F32 /* PBXTargetDependency */ = {
			isa = PBXTargetDependency;
			target = B9835CED2405064A00EE6F32 /* NewsReader */;
			targetProxy = B9835D052405064C00EE6F32 /* PBXContainerItemProxy */;
		};
		B9835D112405064C00EE6F32 /* PBXTargetDependency */ = {
			isa = PBXTargetDependency;
			target = B9835CED2405064A00EE6F32 /* NewsReader */;
			targetProxy = B9835D102405064C00EE6F32 /* PBXContainerItemProxy */;
		};
/* End PBXTargetDependency section */

/* Begin PBXVariantGroup section */
		B9835CF72405064A00EE6F32 /* Main.storyboard */ = {
			isa = PBXVariantGroup;
			children = (
				B9835CF82405064A00EE6F32 /* Base */,
			);
			name = Main.storyboard;
			sourceTree = "<group>";
		};
		B9835CFC2405064B00EE6F32 /* LaunchScreen.storyboard */ = {
			isa = PBXVariantGroup;
			children = (
				B9835CFD2405064B00EE6F32 /* Base */,
			);
			name = LaunchScreen.storyboard;
			sourceTree = "<group>";
		};
/* End PBXVariantGroup section */

/* Begin XCBuildConfiguration section */
		B9835D162405064C00EE6F32 /* Debug */ = {
			isa = XCBuildConfiguration;
			buildSettings = {
				ALWAYS_SEARCH_USER_PATHS = NO;
				CLANG_ANALYZER_NONNULL = YES;
				CLANG_ANALYZER_NUMBER_OBJECT_CONVERSION = YES_AGGRESSIVE;
				CLANG_CXX_LANGUAGE_STANDARD = "gnu++14";
				CLANG_CXX_LIBRARY = "libc++";
				CLANG_ENABLE_MODULES = YES;
				CLANG_ENABLE_OBJC_ARC = YES;
				CLANG_ENABLE_OBJC_WEAK = YES;
				CLANG_WARN_BLOCK_CAPTURE_AUTORELEASING = YES;
				CLANG_WARN_BOOL_CONVERSION = YES;
				CLANG_WARN_COMMA = YES;
				CLANG_WARN_CONSTANT_CONVERSION = YES;
				CLANG_WARN_DEPRECATED_OBJC_IMPLEMENTATIONS = YES;
				CLANG_WARN_DIRECT_OBJC_ISA_USAGE = YES_ERROR;
				CLANG_WARN_DOCUMENTATION_COMMENTS = YES;
				CLANG_WARN_EMPTY_BODY = YES;
				CLANG_WARN_ENUM_CONVERSION = YES;
				CLANG_WARN_INFINITE_RECURSION = YES;
				CLANG_WARN_INT_CONVERSION = YES;
				CLANG_WARN_NON_LITERAL_NULL_CONVERSION = YES;
				CLANG_WARN_OBJC_IMPLICIT_RETAIN_SELF = YES;
				CLANG_WARN_OBJC_LITERAL_CONVERSION = YES;
				CLANG_WARN_OBJC_ROOT_CLASS = YES_ERROR;
				CLANG_WARN_RANGE_LOOP_ANALYSIS = YES;
				CLANG_WARN_STRICT_PROTOTYPES = YES;
				CLANG_WARN_SUSPICIOUS_MOVE = YES;
				CLANG_WARN_UNGUARDED_AVAILABILITY = YES_AGGRESSIVE;
				CLANG_WARN_UNREACHABLE_CODE = YES;
				CLANG_WARN__DUPLICATE_METHOD_MATCH = YES;
				COPY_PHASE_STRIP = NO;
				DEBUG_INFORMATION_FORMAT = dwarf;
				ENABLE_STRICT_OBJC_MSGSEND = YES;
				ENABLE_TESTABILITY = YES;
				GCC_C_LANGUAGE_STANDARD = gnu11;
				GCC_DYNAMIC_NO_PIC = NO;
				GCC_NO_COMMON_BLOCKS = YES;
				GCC_OPTIMIZATION_LEVEL = 0;
				GCC_PREPROCESSOR_DEFINITIONS = (
					"DEBUG=1",
					"$(inherited)",
				);
				GCC_WARN_64_TO_32_BIT_CONVERSION = YES;
				GCC_WARN_ABOUT_RETURN_TYPE = YES_ERROR;
				GCC_WARN_UNDECLARED_SELECTOR = YES;
				GCC_WARN_UNINITIALIZED_AUTOS = YES_AGGRESSIVE;
				GCC_WARN_UNUSED_FUNCTION = YES;
				GCC_WARN_UNUSED_VARIABLE = YES;
				IPHONEOS_DEPLOYMENT_TARGET = 13.2;
				MTL_ENABLE_DEBUG_INFO = INCLUDE_SOURCE;
				MTL_FAST_MATH = YES;
				ONLY_ACTIVE_ARCH = YES;
				SDKROOT = iphoneos;
				SWIFT_ACTIVE_COMPILATION_CONDITIONS = DEBUG;
				SWIFT_OPTIMIZATION_LEVEL = "-Onone";
			};
			name = Debug;
		};
		B9835D172405064C00EE6F32 /* Release */ = {
			isa = XCBuildConfiguration;
			buildSettings = {
				ALWAYS_SEARCH_USER_PATHS = NO;
				CLANG_ANALYZER_NONNULL = YES;
				CLANG_ANALYZER_NUMBER_OBJECT_CONVERSION = YES_AGGRESSIVE;
				CLANG_CXX_LANGUAGE_STANDARD = "gnu++14";
				CLANG_CXX_LIBRARY = "libc++";
				CLANG_ENABLE_MODULES = YES;
				CLANG_ENABLE_OBJC_ARC = YES;
				CLANG_ENABLE_OBJC_WEAK = YES;
				CLANG_WARN_BLOCK_CAPTURE_AUTORELEASING = YES;
				CLANG_WARN_BOOL_CONVERSION = YES;
				CLANG_WARN_COMMA = YES;
				CLANG_WARN_CONSTANT_CONVERSION = YES;
				CLANG_WARN_DEPRECATED_OBJC_IMPLEMENTATIONS = YES;
				CLANG_WARN_DIRECT_OBJC_ISA_USAGE = YES_ERROR;
				CLANG_WARN_DOCUMENTATION_COMMENTS = YES;
				CLANG_WARN_EMPTY_BODY = YES;
				CLANG_WARN_ENUM_CONVERSION = YES;
				CLANG_WARN_INFINITE_RECURSION = YES;
				CLANG_WARN_INT_CONVERSION = YES;
				CLANG_WARN_NON_LITERAL_NULL_CONVERSION = YES;
				CLANG_WARN_OBJC_IMPLICIT_RETAIN_SELF = YES;
				CLANG_WARN_OBJC_LITERAL_CONVERSION = YES;
				CLANG_WARN_OBJC_ROOT_CLASS = YES_ERROR;
				CLANG_WARN_RANGE_LOOP_ANALYSIS = YES;
				CLANG_WARN_STRICT_PROTOTYPES = YES;
				CLANG_WARN_SUSPICIOUS_MOVE = YES;
				CLANG_WARN_UNGUARDED_AVAILABILITY = YES_AGGRESSIVE;
				CLANG_WARN_UNREACHABLE_CODE = YES;
				CLANG_WARN__DUPLICATE_METHOD_MATCH = YES;
				COPY_PHASE_STRIP = NO;
				DEBUG_INFORMATION_FORMAT = "dwarf-with-dsym";
				ENABLE_NS_ASSERTIONS = NO;
				ENABLE_STRICT_OBJC_MSGSEND = YES;
				GCC_C_LANGUAGE_STANDARD = gnu11;
				GCC_NO_COMMON_BLOCKS = YES;
				GCC_WARN_64_TO_32_BIT_CONVERSION = YES;
				GCC_WARN_ABOUT_RETURN_TYPE = YES_ERROR;
				GCC_WARN_UNDECLARED_SELECTOR = YES;
				GCC_WARN_UNINITIALIZED_AUTOS = YES_AGGRESSIVE;
				GCC_WARN_UNUSED_FUNCTION = YES;
				GCC_WARN_UNUSED_VARIABLE = YES;
				IPHONEOS_DEPLOYMENT_TARGET = 13.2;
				MTL_ENABLE_DEBUG_INFO = NO;
				MTL_FAST_MATH = YES;
				SDKROOT = iphoneos;
				SWIFT_COMPILATION_MODE = wholemodule;
				SWIFT_OPTIMIZATION_LEVEL = "-O";
				VALIDATE_PRODUCT = YES;
			};
			name = Release;
		};
		B9835D192405064C00EE6F32 /* Debug */ = {
			isa = XCBuildConfiguration;
			buildSettings = {
				ASSETCATALOG_COMPILER_APPICON_NAME = AppIcon;
				CODE_SIGN_STYLE = Automatic;
				INFOPLIST_FILE = NewsReader/Info.plist;
				LD_RUNPATH_SEARCH_PATHS = (
					"$(inherited)",
					"@executable_path/Frameworks",
				);
				PRODUCT_BUNDLE_IDENTIFIER = factory.hr.NewsReader;
				PRODUCT_NAME = "$(TARGET_NAME)";
				SWIFT_VERSION = 5.0;
				TARGETED_DEVICE_FAMILY = "1,2";
			};
			name = Debug;
		};
		B9835D1A2405064C00EE6F32 /* Release */ = {
			isa = XCBuildConfiguration;
			buildSettings = {
				ASSETCATALOG_COMPILER_APPICON_NAME = AppIcon;
				CODE_SIGN_STYLE = Automatic;
				INFOPLIST_FILE = NewsReader/Info.plist;
				LD_RUNPATH_SEARCH_PATHS = (
					"$(inherited)",
					"@executable_path/Frameworks",
				);
				PRODUCT_BUNDLE_IDENTIFIER = factory.hr.NewsReader;
				PRODUCT_NAME = "$(TARGET_NAME)";
				SWIFT_VERSION = 5.0;
				TARGETED_DEVICE_FAMILY = "1,2";
			};
			name = Release;
		};
		B9835D1C2405064C00EE6F32 /* Debug */ = {
			isa = XCBuildConfiguration;
			buildSettings = {
				ALWAYS_EMBED_SWIFT_STANDARD_LIBRARIES = YES;
				BUNDLE_LOADER = "$(TEST_HOST)";
				CODE_SIGN_STYLE = Automatic;
				INFOPLIST_FILE = NewsReaderTests/Info.plist;
				IPHONEOS_DEPLOYMENT_TARGET = 13.2;
				LD_RUNPATH_SEARCH_PATHS = (
					"$(inherited)",
					"@executable_path/Frameworks",
					"@loader_path/Frameworks",
				);
				PRODUCT_BUNDLE_IDENTIFIER = factory.hr.NewsReaderTests;
				PRODUCT_NAME = "$(TARGET_NAME)";
				SWIFT_VERSION = 5.0;
				TARGETED_DEVICE_FAMILY = "1,2";
				TEST_HOST = "$(BUILT_PRODUCTS_DIR)/NewsReader.app/NewsReader";
			};
			name = Debug;
		};
		B9835D1D2405064C00EE6F32 /* Release */ = {
			isa = XCBuildConfiguration;
			buildSettings = {
				ALWAYS_EMBED_SWIFT_STANDARD_LIBRARIES = YES;
				BUNDLE_LOADER = "$(TEST_HOST)";
				CODE_SIGN_STYLE = Automatic;
				INFOPLIST_FILE = NewsReaderTests/Info.plist;
				IPHONEOS_DEPLOYMENT_TARGET = 13.2;
				LD_RUNPATH_SEARCH_PATHS = (
					"$(inherited)",
					"@executable_path/Frameworks",
					"@loader_path/Frameworks",
				);
				PRODUCT_BUNDLE_IDENTIFIER = factory.hr.NewsReaderTests;
				PRODUCT_NAME = "$(TARGET_NAME)";
				SWIFT_VERSION = 5.0;
				TARGETED_DEVICE_FAMILY = "1,2";
				TEST_HOST = "$(BUILT_PRODUCTS_DIR)/NewsReader.app/NewsReader";
			};
			name = Release;
		};
		B9835D1F2405064C00EE6F32 /* Debug */ = {
			isa = XCBuildConfiguration;
			buildSettings = {
				ALWAYS_EMBED_SWIFT_STANDARD_LIBRARIES = YES;
				CODE_SIGN_STYLE = Automatic;
				INFOPLIST_FILE = NewsReaderUITests/Info.plist;
				LD_RUNPATH_SEARCH_PATHS = (
					"$(inherited)",
					"@executable_path/Frameworks",
					"@loader_path/Frameworks",
				);
				PRODUCT_BUNDLE_IDENTIFIER = factory.hr.NewsReaderUITests;
				PRODUCT_NAME = "$(TARGET_NAME)";
				SWIFT_VERSION = 5.0;
				TARGETED_DEVICE_FAMILY = "1,2";
				TEST_TARGET_NAME = NewsReader;
			};
			name = Debug;
		};
		B9835D202405064C00EE6F32 /* Release */ = {
			isa = XCBuildConfiguration;
			buildSettings = {
				ALWAYS_EMBED_SWIFT_STANDARD_LIBRARIES = YES;
				CODE_SIGN_STYLE = Automatic;
				INFOPLIST_FILE = NewsReaderUITests/Info.plist;
				LD_RUNPATH_SEARCH_PATHS = (
					"$(inherited)",
					"@executable_path/Frameworks",
					"@loader_path/Frameworks",
				);
				PRODUCT_BUNDLE_IDENTIFIER = factory.hr.NewsReaderUITests;
				PRODUCT_NAME = "$(TARGET_NAME)";
				SWIFT_VERSION = 5.0;
				TARGETED_DEVICE_FAMILY = "1,2";
				TEST_TARGET_NAME = NewsReader;
			};
			name = Release;
		};
/* End XCBuildConfiguration section */

/* Begin XCConfigurationList section */
		B9835CE92405064A00EE6F32 /* Build configuration list for PBXProject "NewsReader" */ = {
			isa = XCConfigurationList;
			buildConfigurations = (
				B9835D162405064C00EE6F32 /* Debug */,
				B9835D172405064C00EE6F32 /* Release */,
			);
			defaultConfigurationIsVisible = 0;
			defaultConfigurationName = Release;
		};
		B9835D182405064C00EE6F32 /* Build configuration list for PBXNativeTarget "NewsReader" */ = {
			isa = XCConfigurationList;
			buildConfigurations = (
				B9835D192405064C00EE6F32 /* Debug */,
				B9835D1A2405064C00EE6F32 /* Release */,
			);
			defaultConfigurationIsVisible = 0;
			defaultConfigurationName = Release;
		};
		B9835D1B2405064C00EE6F32 /* Build configuration list for PBXNativeTarget "NewsReaderTests" */ = {
			isa = XCConfigurationList;
			buildConfigurations = (
				B9835D1C2405064C00EE6F32 /* Debug */,
				B9835D1D2405064C00EE6F32 /* Release */,
			);
			defaultConfigurationIsVisible = 0;
			defaultConfigurationName = Release;
		};
		B9835D1E2405064C00EE6F32 /* Build configuration list for PBXNativeTarget "NewsReaderUITests" */ = {
			isa = XCConfigurationList;
			buildConfigurations = (
				B9835D1F2405064C00EE6F32 /* Debug */,
				B9835D202405064C00EE6F32 /* Release */,
			);
			defaultConfigurationIsVisible = 0;
			defaultConfigurationName = Release;
		};
/* End XCConfigurationList section */
	};
	rootObject = B9835CE62405064A00EE6F32 /* Project object */;
}
